// !$*UTF8*$!
{
	archiveVersion = 1;
	classes = {
	};
	objectVersion = 46;
	objects = {

/* Begin PBXBuildFile section */
		045219E71D33BAD100CDFBC9 /* CordsRowControl.swift in Sources */ = {isa = PBXBuildFile; fileRef = 045219E61D33BAD100CDFBC9 /* CordsRowControl.swift */; };
		E2292F701D33D7A600D06648 /* MainScreen.swift in Sources */ = {isa = PBXBuildFile; fileRef = E2292F6F1D33D7A600D06648 /* MainScreen.swift */; };
		E2292F721D33D9C500D06648 /* InterfaceController.swift in Sources */ = {isa = PBXBuildFile; fileRef = E2292F711D33D9C500D06648 /* InterfaceController.swift */; };
		E2292F741D33DC5D00D06648 /* MetronomController.swift in Sources */ = {isa = PBXBuildFile; fileRef = E2292F731D33DC5D00D06648 /* MetronomController.swift */; };
		E22C95121D369B39000428E4 /* LibraryInterfaceController.swift in Sources */ = {isa = PBXBuildFile; fileRef = E22C95111D369B39000428E4 /* LibraryInterfaceController.swift */; };
		E22C95141D369BB8000428E4 /* LibraryTableList.swift in Sources */ = {isa = PBXBuildFile; fileRef = E22C95131D369BB8000428E4 /* LibraryTableList.swift */; };
		E22C95161D36B47C000428E4 /* ChordImageInterfaceController.swift in Sources */ = {isa = PBXBuildFile; fileRef = E22C95151D36B47C000428E4 /* ChordImageInterfaceController.swift */; };
		E22C95261D36B9EE000428E4 /* G7.png in Resources */ = {isa = PBXBuildFile; fileRef = E22C95171D36B9EE000428E4 /* G7.png */; };
		E22C95271D36B9EE000428E4 /* G.png in Resources */ = {isa = PBXBuildFile; fileRef = E22C95181D36B9EE000428E4 /* G.png */; };
		E22C95281D36B9EE000428E4 /* Fm.png in Resources */ = {isa = PBXBuildFile; fileRef = E22C95191D36B9EE000428E4 /* Fm.png */; };
		E22C95291D36B9EE000428E4 /* F.png in Resources */ = {isa = PBXBuildFile; fileRef = E22C951A1D36B9EE000428E4 /* F.png */; };
		E22C952A1D36B9EE000428E4 /* E7.png in Resources */ = {isa = PBXBuildFile; fileRef = E22C951B1D36B9EE000428E4 /* E7.png */; };
		E22C952B1D36B9EE000428E4 /* Em.png in Resources */ = {isa = PBXBuildFile; fileRef = E22C951C1D36B9EE000428E4 /* Em.png */; };
		E22C952C1D36B9EE000428E4 /* E.png in Resources */ = {isa = PBXBuildFile; fileRef = E22C951D1D36B9EE000428E4 /* E.png */; };
		E22C952D1D36B9EE000428E4 /* D7.png in Resources */ = {isa = PBXBuildFile; fileRef = E22C951E1D36B9EE000428E4 /* D7.png */; };
		E22C952E1D36B9EE000428E4 /* D.png in Resources */ = {isa = PBXBuildFile; fileRef = E22C951F1D36B9EE000428E4 /* D.png */; };
		E22C952F1D36B9EE000428E4 /* C7.png in Resources */ = {isa = PBXBuildFile; fileRef = E22C95201D36B9EE000428E4 /* C7.png */; };
		E22C95301D36B9EE000428E4 /* C.png in Resources */ = {isa = PBXBuildFile; fileRef = E22C95211D36B9EE000428E4 /* C.png */; };
		E22C95311D36B9EE000428E4 /* B7.png in Resources */ = {isa = PBXBuildFile; fileRef = E22C95221D36B9EE000428E4 /* B7.png */; };
		E22C95321D36B9EE000428E4 /* A7.png in Resources */ = {isa = PBXBuildFile; fileRef = E22C95231D36B9EE000428E4 /* A7.png */; };
		E22C95331D36B9EE000428E4 /* Am.png in Resources */ = {isa = PBXBuildFile; fileRef = E22C95241D36B9EE000428E4 /* Am.png */; };
		E22C95341D36B9EE000428E4 /* A.png in Resources */ = {isa = PBXBuildFile; fileRef = E22C95251D36B9EE000428E4 /* A.png */; };
		E22C95381D36BD03000428E4 /* F#.png in Resources */ = {isa = PBXBuildFile; fileRef = E22C95351D36BD03000428E4 /* F#.png */; };
		E22C95391D36BD03000428E4 /* G#.png in Resources */ = {isa = PBXBuildFile; fileRef = E22C95361D36BD03000428E4 /* G#.png */; };
		E22C953A1D36BD03000428E4 /* C#.png in Resources */ = {isa = PBXBuildFile; fileRef = E22C95371D36BD03000428E4 /* C#.png */; };
		E22C953C1D36CDC5000428E4 /* vihoda_net.mp3 in Resources */ = {isa = PBXBuildFile; fileRef = E22C953B1D36CDC5000428E4 /* vihoda_net.mp3 */; };
		E22C953E1D36CE40000428E4 /* Hm.png in Resources */ = {isa = PBXBuildFile; fileRef = E22C953D1D36CE40000428E4 /* Hm.png */; };
		E232F0D51D3557F900F864CC /* PlayerController.swift in Sources */ = {isa = PBXBuildFile; fileRef = E232F0D31D3557F900F864CC /* PlayerController.swift */; };
		E232F0D61D3557F900F864CC /* SecControlMethronome.swift in Sources */ = {isa = PBXBuildFile; fileRef = E232F0D41D3557F900F864CC /* SecControlMethronome.swift */; };
		E232F0D81D355A8100F864CC /* nirvana_teen_spirit.mp3 in Resources */ = {isa = PBXBuildFile; fileRef = E232F0D71D355A8100F864CC /* nirvana_teen_spirit.mp3 */; };
		E232F0DC1D35630700F864CC /* StopWatchControl.swift in Sources */ = {isa = PBXBuildFile; fileRef = E232F0DB1D35630700F864CC /* StopWatchControl.swift */; };
		E232F0DE1D356B8400F864CC /* kino_aljuminievie_ogurci.mp3 in Resources */ = {isa = PBXBuildFile; fileRef = E232F0DD1D356B8400F864CC /* kino_aljuminievie_ogurci.mp3 */; };
		E232F0E01D356B8B00F864CC /* nirvana_about_a_girl.mp3 in Resources */ = {isa = PBXBuildFile; fileRef = E232F0DF1D356B8B00F864CC /* nirvana_about_a_girl.mp3 */; };
		E232F0E61D35912900F864CC /* A5.png in Resources */ = {isa = PBXBuildFile; fileRef = E232F0E51D35912900F864CC /* A5.png */; };
		E232F0E81D35913000F864CC /* F5.png in Resources */ = {isa = PBXBuildFile; fileRef = E232F0E71D35913000F864CC /* F5.png */; };
		E232F0EA1D35913600F864CC /* D5.png in Resources */ = {isa = PBXBuildFile; fileRef = E232F0E91D35913600F864CC /* D5.png */; };
		E232F0F01D35930700F864CC /* StopWatchPicControl.swift in Sources */ = {isa = PBXBuildFile; fileRef = E232F0EF1D35930700F864CC /* StopWatchPicControl.swift */; };
		E232F0F81D362C6000F864CC /* SongPList.plist in Resources */ = {isa = PBXBuildFile; fileRef = E232F0F71D362C6000F864CC /* SongPList.plist */; };
		E24CBEE01D33AE50008EC25B /* AppDelegate.swift in Sources */ = {isa = PBXBuildFile; fileRef = E24CBEDF1D33AE50008EC25B /* AppDelegate.swift */; };
		E24CBEE21D33AE50008EC25B /* ViewController.swift in Sources */ = {isa = PBXBuildFile; fileRef = E24CBEE11D33AE50008EC25B /* ViewController.swift */; };
		E24CBEE51D33AE50008EC25B /* Main.storyboard in Resources */ = {isa = PBXBuildFile; fileRef = E24CBEE31D33AE50008EC25B /* Main.storyboard */; };
		E24CBEE71D33AE50008EC25B /* Assets.xcassets in Resources */ = {isa = PBXBuildFile; fileRef = E24CBEE61D33AE50008EC25B /* Assets.xcassets */; };
		E24CBEEA1D33AE50008EC25B /* LaunchScreen.storyboard in Resources */ = {isa = PBXBuildFile; fileRef = E24CBEE81D33AE50008EC25B /* LaunchScreen.storyboard */; };
		E24CBEEF1D33AE50008EC25B /* GuitarHelper WatchKit App.app in Embed Watch Content */ = {isa = PBXBuildFile; fileRef = E24CBEEE1D33AE50008EC25B /* GuitarHelper WatchKit App.app */; };
		E24CBEF71D33AE50008EC25B /* Assets.xcassets in Resources */ = {isa = PBXBuildFile; fileRef = E24CBEF61D33AE50008EC25B /* Assets.xcassets */; };
		E24CBEFE1D33AE50008EC25B /* GuitarHelper WatchKit Extension.appex in Embed App Extensions */ = {isa = PBXBuildFile; fileRef = E24CBEFD1D33AE50008EC25B /* GuitarHelper WatchKit Extension.appex */; settings = {ATTRIBUTES = (RemoveHeadersOnCopy, ); }; };
		E24CBF051D33AE51008EC25B /* ExtensionDelegate.swift in Sources */ = {isa = PBXBuildFile; fileRef = E24CBF041D33AE51008EC25B /* ExtensionDelegate.swift */; };
		E24CBF071D33AE51008EC25B /* Assets.xcassets in Resources */ = {isa = PBXBuildFile; fileRef = E24CBF061D33AE51008EC25B /* Assets.xcassets */; };
		E24CBF171D33BF1F008EC25B /* MainScreenSongList.swift in Sources */ = {isa = PBXBuildFile; fileRef = E24CBF161D33BF1F008EC25B /* MainScreenSongList.swift */; };
		E25725A71D4BF9B30051C7EE /* guitar-icon.png in Resources */ = {isa = PBXBuildFile; fileRef = E25725A61D4BF9B30051C7EE /* guitar-icon.png */; };
		E25725A91D4BFB690051C7EE /* guitar-icon_new_app.png in Resources */ = {isa = PBXBuildFile; fileRef = E25725A81D4BFB690051C7EE /* guitar-icon_new_app.png */; };
		E25725AB1D4BFD0E0051C7EE /* guitar-icon_tiff.tif in Resources */ = {isa = PBXBuildFile; fileRef = E25725AA1D4BFD0E0051C7EE /* guitar-icon_tiff.tif */; };
		E25725AD1D4C00000051C7EE /* guitar-icon_new_app.png in Resources */ = {isa = PBXBuildFile; fileRef = E25725AC1D4C00000051C7EE /* guitar-icon_new_app.png */; };
		E26140291D342729002DC059 /* Interface.storyboard in Resources */ = {isa = PBXBuildFile; fileRef = E26140271D342729002DC059 /* Interface.storyboard */; };
		E261402B1D3427A3002DC059 /* guitar-icon.png in Resources */ = {isa = PBXBuildFile; fileRef = E261402A1D3427A3002DC059 /* guitar-icon.png */; };
		E2631EDA1D4C1F850066936C /* metro_left_without_black.png in Resources */ = {isa = PBXBuildFile; fileRef = E2631ED81D4C1F850066936C /* metro_left_without_black.png */; };
		E2631EDB1D4C1F850066936C /* metro_right_without_black.png in Resources */ = {isa = PBXBuildFile; fileRef = E2631ED91D4C1F850066936C /* metro_right_without_black.png */; };
		E28416081D33F81F0021BC4E /* beep.m4a in Resources */ = {isa = PBXBuildFile; fileRef = E28416071D33F81F0021BC4E /* beep.m4a */; };
		E284160A1D3420EA0021BC4E /* MainMenuViewController.swift in Sources */ = {isa = PBXBuildFile; fileRef = E28416091D3420EA0021BC4E /* MainMenuViewController.swift */; };
		E2AB7C731D367CFB001D9F3A /* metal.png in Resources */ = {isa = PBXBuildFile; fileRef = E2AB7C721D367CFB001D9F3A /* metal.png */; };
/* End PBXBuildFile section */

/* Begin PBXContainerItemProxy section */
		E24CBEF01D33AE50008EC25B /* PBXContainerItemProxy */ = {
			isa = PBXContainerItemProxy;
			containerPortal = E24CBED41D33AE50008EC25B /* Project object */;
			proxyType = 1;
			remoteGlobalIDString = E24CBEED1D33AE50008EC25B;
			remoteInfo = "GuitarHelper WatchKit App";
		};
		E24CBEFF1D33AE50008EC25B /* PBXContainerItemProxy */ = {
			isa = PBXContainerItemProxy;
			containerPortal = E24CBED41D33AE50008EC25B /* Project object */;
			proxyType = 1;
			remoteGlobalIDString = E24CBEFC1D33AE50008EC25B;
			remoteInfo = "GuitarHelper WatchKit Extension";
		};
/* End PBXContainerItemProxy section */

/* Begin PBXCopyFilesBuildPhase section */
		E24CBF0E1D33AE51008EC25B /* Embed App Extensions */ = {
			isa = PBXCopyFilesBuildPhase;
			buildActionMask = 2147483647;
			dstPath = "";
			dstSubfolderSpec = 13;
			files = (
				E24CBEFE1D33AE50008EC25B /* GuitarHelper WatchKit Extension.appex in Embed App Extensions */,
			);
			name = "Embed App Extensions";
			runOnlyForDeploymentPostprocessing = 0;
		};
		E24CBF121D33AE51008EC25B /* Embed Watch Content */ = {
			isa = PBXCopyFilesBuildPhase;
			buildActionMask = 2147483647;
			dstPath = "$(CONTENTS_FOLDER_PATH)/Watch";
			dstSubfolderSpec = 16;
			files = (
				E24CBEEF1D33AE50008EC25B /* GuitarHelper WatchKit App.app in Embed Watch Content */,
			);
			name = "Embed Watch Content";
			runOnlyForDeploymentPostprocessing = 0;
		};
/* End PBXCopyFilesBuildPhase section */

/* Begin PBXFileReference section */
		045219E61D33BAD100CDFBC9 /* CordsRowControl.swift */ = {isa = PBXFileReference; fileEncoding = 4; lastKnownFileType = sourcecode.swift; path = CordsRowControl.swift; sourceTree = "<group>"; };
		E2292F6F1D33D7A600D06648 /* MainScreen.swift */ = {isa = PBXFileReference; fileEncoding = 4; lastKnownFileType = sourcecode.swift; path = MainScreen.swift; sourceTree = "<group>"; };
		E2292F711D33D9C500D06648 /* InterfaceController.swift */ = {isa = PBXFileReference; fileEncoding = 4; lastKnownFileType = sourcecode.swift; path = InterfaceController.swift; sourceTree = "<group>"; };
		E2292F731D33DC5D00D06648 /* MetronomController.swift */ = {isa = PBXFileReference; fileEncoding = 4; lastKnownFileType = sourcecode.swift; path = MetronomController.swift; sourceTree = "<group>"; };
		E22C95111D369B39000428E4 /* LibraryInterfaceController.swift */ = {isa = PBXFileReference; fileEncoding = 4; lastKnownFileType = sourcecode.swift; path = LibraryInterfaceController.swift; sourceTree = "<group>"; };
		E22C95131D369BB8000428E4 /* LibraryTableList.swift */ = {isa = PBXFileReference; fileEncoding = 4; lastKnownFileType = sourcecode.swift; path = LibraryTableList.swift; sourceTree = "<group>"; };
		E22C95151D36B47C000428E4 /* ChordImageInterfaceController.swift */ = {isa = PBXFileReference; fileEncoding = 4; lastKnownFileType = sourcecode.swift; path = ChordImageInterfaceController.swift; sourceTree = "<group>"; };
		E22C95171D36B9EE000428E4 /* G7.png */ = {isa = PBXFileReference; lastKnownFileType = image.png; path = G7.png; sourceTree = "<group>"; };
		E22C95181D36B9EE000428E4 /* G.png */ = {isa = PBXFileReference; lastKnownFileType = image.png; path = G.png; sourceTree = "<group>"; };
		E22C95191D36B9EE000428E4 /* Fm.png */ = {isa = PBXFileReference; lastKnownFileType = image.png; path = Fm.png; sourceTree = "<group>"; };
		E22C951A1D36B9EE000428E4 /* F.png */ = {isa = PBXFileReference; lastKnownFileType = image.png; path = F.png; sourceTree = "<group>"; };
		E22C951B1D36B9EE000428E4 /* E7.png */ = {isa = PBXFileReference; lastKnownFileType = image.png; path = E7.png; sourceTree = "<group>"; };
		E22C951C1D36B9EE000428E4 /* Em.png */ = {isa = PBXFileReference; lastKnownFileType = image.png; path = Em.png; sourceTree = "<group>"; };
		E22C951D1D36B9EE000428E4 /* E.png */ = {isa = PBXFileReference; lastKnownFileType = image.png; path = E.png; sourceTree = "<group>"; };
		E22C951E1D36B9EE000428E4 /* D7.png */ = {isa = PBXFileReference; lastKnownFileType = image.png; path = D7.png; sourceTree = "<group>"; };
		E22C951F1D36B9EE000428E4 /* D.png */ = {isa = PBXFileReference; lastKnownFileType = image.png; path = D.png; sourceTree = "<group>"; };
		E22C95201D36B9EE000428E4 /* C7.png */ = {isa = PBXFileReference; lastKnownFileType = image.png; path = C7.png; sourceTree = "<group>"; };
		E22C95211D36B9EE000428E4 /* C.png */ = {isa = PBXFileReference; lastKnownFileType = image.png; path = C.png; sourceTree = "<group>"; };
		E22C95221D36B9EE000428E4 /* B7.png */ = {isa = PBXFileReference; lastKnownFileType = image.png; path = B7.png; sourceTree = "<group>"; };
		E22C95231D36B9EE000428E4 /* A7.png */ = {isa = PBXFileReference; lastKnownFileType = image.png; path = A7.png; sourceTree = "<group>"; };
		E22C95241D36B9EE000428E4 /* Am.png */ = {isa = PBXFileReference; lastKnownFileType = image.png; path = Am.png; sourceTree = "<group>"; };
		E22C95251D36B9EE000428E4 /* A.png */ = {isa = PBXFileReference; lastKnownFileType = image.png; path = A.png; sourceTree = "<group>"; };
		E22C95351D36BD03000428E4 /* F#.png */ = {isa = PBXFileReference; lastKnownFileType = image.png; path = "F#.png"; sourceTree = "<group>"; };
		E22C95361D36BD03000428E4 /* G#.png */ = {isa = PBXFileReference; lastKnownFileType = image.png; path = "G#.png"; sourceTree = "<group>"; };
		E22C95371D36BD03000428E4 /* C#.png */ = {isa = PBXFileReference; lastKnownFileType = image.png; path = "C#.png"; sourceTree = "<group>"; };
		E22C953B1D36CDC5000428E4 /* vihoda_net.mp3 */ = {isa = PBXFileReference; lastKnownFileType = audio.mp3; path = vihoda_net.mp3; sourceTree = "<group>"; };
		E22C953D1D36CE40000428E4 /* Hm.png */ = {isa = PBXFileReference; lastKnownFileType = image.png; path = Hm.png; sourceTree = "<group>"; };
		E232F0D31D3557F900F864CC /* PlayerController.swift */ = {isa = PBXFileReference; fileEncoding = 4; lastKnownFileType = sourcecode.swift; path = PlayerController.swift; sourceTree = "<group>"; };
		E232F0D41D3557F900F864CC /* SecControlMethronome.swift */ = {isa = PBXFileReference; fileEncoding = 4; lastKnownFileType = sourcecode.swift; path = SecControlMethronome.swift; sourceTree = "<group>"; };
		E232F0D71D355A8100F864CC /* nirvana_teen_spirit.mp3 */ = {isa = PBXFileReference; lastKnownFileType = audio.mp3; path = nirvana_teen_spirit.mp3; sourceTree = "<group>"; };
		E232F0DB1D35630700F864CC /* StopWatchControl.swift */ = {isa = PBXFileReference; fileEncoding = 4; lastKnownFileType = sourcecode.swift; path = StopWatchControl.swift; sourceTree = "<group>"; };
		E232F0DD1D356B8400F864CC /* kino_aljuminievie_ogurci.mp3 */ = {isa = PBXFileReference; lastKnownFileType = audio.mp3; path = kino_aljuminievie_ogurci.mp3; sourceTree = "<group>"; };
		E232F0DF1D356B8B00F864CC /* nirvana_about_a_girl.mp3 */ = {isa = PBXFileReference; lastKnownFileType = audio.mp3; path = nirvana_about_a_girl.mp3; sourceTree = "<group>"; };
		E232F0E51D35912900F864CC /* A5.png */ = {isa = PBXFileReference; lastKnownFileType = image.png; path = A5.png; sourceTree = "<group>"; };
		E232F0E71D35913000F864CC /* F5.png */ = {isa = PBXFileReference; lastKnownFileType = image.png; path = F5.png; sourceTree = "<group>"; };
		E232F0E91D35913600F864CC /* D5.png */ = {isa = PBXFileReference; lastKnownFileType = image.png; path = D5.png; sourceTree = "<group>"; };
		E232F0EF1D35930700F864CC /* StopWatchPicControl.swift */ = {isa = PBXFileReference; fileEncoding = 4; lastKnownFileType = sourcecode.swift; path = StopWatchPicControl.swift; sourceTree = "<group>"; };
		E232F0F71D362C6000F864CC /* SongPList.plist */ = {isa = PBXFileReference; fileEncoding = 4; lastKnownFileType = text.plist.xml; path = SongPList.plist; sourceTree = "<group>"; };
		E24CBEDC1D33AE50008EC25B /* GuitarHelper.app */ = {isa = PBXFileReference; explicitFileType = wrapper.application; includeInIndex = 0; path = GuitarHelper.app; sourceTree = BUILT_PRODUCTS_DIR; };
		E24CBEDF1D33AE50008EC25B /* AppDelegate.swift */ = {isa = PBXFileReference; lastKnownFileType = sourcecode.swift; path = AppDelegate.swift; sourceTree = "<group>"; };
		E24CBEE11D33AE50008EC25B /* ViewController.swift */ = {isa = PBXFileReference; lastKnownFileType = sourcecode.swift; path = ViewController.swift; sourceTree = "<group>"; };
		E24CBEE41D33AE50008EC25B /* Base */ = {isa = PBXFileReference; lastKnownFileType = file.storyboard; name = Base; path = Base.lproj/Main.storyboard; sourceTree = "<group>"; };
		E24CBEE61D33AE50008EC25B /* Assets.xcassets */ = {isa = PBXFileReference; lastKnownFileType = folder.assetcatalog; path = Assets.xcassets; sourceTree = "<group>"; };
		E24CBEE91D33AE50008EC25B /* Base */ = {isa = PBXFileReference; lastKnownFileType = file.storyboard; name = Base; path = Base.lproj/LaunchScreen.storyboard; sourceTree = "<group>"; };
		E24CBEEB1D33AE50008EC25B /* Info.plist */ = {isa = PBXFileReference; lastKnownFileType = text.plist.xml; path = Info.plist; sourceTree = "<group>"; };
		E24CBEEE1D33AE50008EC25B /* GuitarHelper WatchKit App.app */ = {isa = PBXFileReference; explicitFileType = wrapper.application; includeInIndex = 0; path = "GuitarHelper WatchKit App.app"; sourceTree = BUILT_PRODUCTS_DIR; };
		E24CBEF61D33AE50008EC25B /* Assets.xcassets */ = {isa = PBXFileReference; lastKnownFileType = folder.assetcatalog; path = Assets.xcassets; sourceTree = "<group>"; };
		E24CBEF81D33AE50008EC25B /* Info.plist */ = {isa = PBXFileReference; lastKnownFileType = text.plist.xml; path = Info.plist; sourceTree = "<group>"; };
		E24CBEFD1D33AE50008EC25B /* GuitarHelper WatchKit Extension.appex */ = {isa = PBXFileReference; explicitFileType = "wrapper.app-extension"; includeInIndex = 0; path = "GuitarHelper WatchKit Extension.appex"; sourceTree = BUILT_PRODUCTS_DIR; };
		E24CBF041D33AE51008EC25B /* ExtensionDelegate.swift */ = {isa = PBXFileReference; lastKnownFileType = sourcecode.swift; path = ExtensionDelegate.swift; sourceTree = "<group>"; };
		E24CBF061D33AE51008EC25B /* Assets.xcassets */ = {isa = PBXFileReference; lastKnownFileType = folder.assetcatalog; path = Assets.xcassets; sourceTree = "<group>"; };
		E24CBF081D33AE51008EC25B /* Info.plist */ = {isa = PBXFileReference; lastKnownFileType = text.plist.xml; path = Info.plist; sourceTree = "<group>"; };
		E24CBF161D33BF1F008EC25B /* MainScreenSongList.swift */ = {isa = PBXFileReference; fileEncoding = 4; lastKnownFileType = sourcecode.swift; path = MainScreenSongList.swift; sourceTree = "<group>"; };
		E25725A61D4BF9B30051C7EE /* guitar-icon.png */ = {isa = PBXFileReference; lastKnownFileType = image.png; path = "guitar-icon.png"; sourceTree = "<group>"; };
		E25725A81D4BFB690051C7EE /* guitar-icon_new_app.png */ = {isa = PBXFileReference; lastKnownFileType = image.png; path = "guitar-icon_new_app.png"; sourceTree = "<group>"; };
		E25725AA1D4BFD0E0051C7EE /* guitar-icon_tiff.tif */ = {isa = PBXFileReference; lastKnownFileType = image.tiff; path = "guitar-icon_tiff.tif"; sourceTree = "<group>"; };
		E25725AC1D4C00000051C7EE /* guitar-icon_new_app.png */ = {isa = PBXFileReference; lastKnownFileType = image.png; path = "guitar-icon_new_app.png"; sourceTree = "<group>"; };
		E26140281D342729002DC059 /* Base */ = {isa = PBXFileReference; lastKnownFileType = file.storyboard; name = Base; path = Base.lproj/Interface.storyboard; sourceTree = "<group>"; };
		E261402A1D3427A3002DC059 /* guitar-icon.png */ = {isa = PBXFileReference; lastKnownFileType = image.png; path = "guitar-icon.png"; sourceTree = "<group>"; };
		E2631ED81D4C1F850066936C /* metro_left_without_black.png */ = {isa = PBXFileReference; lastKnownFileType = image.png; path = metro_left_without_black.png; sourceTree = "<group>"; };
		E2631ED91D4C1F850066936C /* metro_right_without_black.png */ = {isa = PBXFileReference; lastKnownFileType = image.png; path = metro_right_without_black.png; sourceTree = "<group>"; };
		E28416071D33F81F0021BC4E /* beep.m4a */ = {isa = PBXFileReference; lastKnownFileType = file; path = beep.m4a; sourceTree = "<group>"; };
		E28416091D3420EA0021BC4E /* MainMenuViewController.swift */ = {isa = PBXFileReference; fileEncoding = 4; lastKnownFileType = sourcecode.swift; path = MainMenuViewController.swift; sourceTree = "<group>"; };
		E2AB7C721D367CFB001D9F3A /* metal.png */ = {isa = PBXFileReference; lastKnownFileType = image.png; path = metal.png; sourceTree = "<group>"; };
/* End PBXFileReference section */

/* Begin PBXFrameworksBuildPhase section */
		E24CBED91D33AE50008EC25B /* Frameworks */ = {
			isa = PBXFrameworksBuildPhase;
			buildActionMask = 2147483647;
			files = (
			);
			runOnlyForDeploymentPostprocessing = 0;
		};
		E24CBEFA1D33AE50008EC25B /* Frameworks */ = {
			isa = PBXFrameworksBuildPhase;
			buildActionMask = 2147483647;
			files = (
			);
			runOnlyForDeploymentPostprocessing = 0;
		};
/* End PBXFrameworksBuildPhase section */

/* Begin PBXGroup section */
		E232F0D11D35501A00F864CC /* firstRow */ = {
			isa = PBXGroup;
			children = (
				E24CBF161D33BF1F008EC25B /* MainScreenSongList.swift */,
				E2292F6F1D33D7A600D06648 /* MainScreen.swift */,
				E2292F731D33DC5D00D06648 /* MetronomController.swift */,
				E28416091D3420EA0021BC4E /* MainMenuViewController.swift */,
				E22C95111D369B39000428E4 /* LibraryInterfaceController.swift */,
				E22C95131D369BB8000428E4 /* LibraryTableList.swift */,
				E22C95151D36B47C000428E4 /* ChordImageInterfaceController.swift */,
			);
			name = firstRow;
			sourceTree = "<group>";
		};
		E232F0D21D35502B00F864CC /* secondRow */ = {
			isa = PBXGroup;
			children = (
				E232F0D31D3557F900F864CC /* PlayerController.swift */,
				E232F0D41D3557F900F864CC /* SecControlMethronome.swift */,
				045219E61D33BAD100CDFBC9 /* CordsRowControl.swift */,
				E2292F711D33D9C500D06648 /* InterfaceController.swift */,
			);
			name = secondRow;
			sourceTree = "<group>";
		};
		E232F0E11D356BB300F864CC /* music */ = {
			isa = PBXGroup;
			children = (
				E28416071D33F81F0021BC4E /* beep.m4a */,
				E232F0D71D355A8100F864CC /* nirvana_teen_spirit.mp3 */,
				E232F0DF1D356B8B00F864CC /* nirvana_about_a_girl.mp3 */,
				E232F0DD1D356B8400F864CC /* kino_aljuminievie_ogurci.mp3 */,
				E22C953B1D36CDC5000428E4 /* vihoda_net.mp3 */,
			);
			name = music;
			sourceTree = "<group>";
		};
		E232F0E21D356BCF00F864CC /* pic */ = {
			isa = PBXGroup;
			children = (
				E2AB7C721D367CFB001D9F3A /* metal.png */,
				E25725AA1D4BFD0E0051C7EE /* guitar-icon_tiff.tif */,
				E25725A61D4BF9B30051C7EE /* guitar-icon.png */,
			);
			name = pic;
			sourceTree = "<group>";
		};
		E232F0E31D357D4300F864CC /* thirdRow */ = {
			isa = PBXGroup;
			children = (
				E232F0DB1D35630700F864CC /* StopWatchControl.swift */,
				E232F0EF1D35930700F864CC /* StopWatchPicControl.swift */,
			);
			name = thirdRow;
			sourceTree = "<group>";
		};
		E232F0E41D35910900F864CC /* chords */ = {
			isa = PBXGroup;
			children = (
				E22C95351D36BD03000428E4 /* F#.png */,
				E22C95361D36BD03000428E4 /* G#.png */,
				E22C95371D36BD03000428E4 /* C#.png */,
				E22C95171D36B9EE000428E4 /* G7.png */,
				E22C95181D36B9EE000428E4 /* G.png */,
				E22C95191D36B9EE000428E4 /* Fm.png */,
				E22C951A1D36B9EE000428E4 /* F.png */,
				E22C951B1D36B9EE000428E4 /* E7.png */,
				E22C951C1D36B9EE000428E4 /* Em.png */,
				E22C951D1D36B9EE000428E4 /* E.png */,
				E22C951E1D36B9EE000428E4 /* D7.png */,
				E22C951F1D36B9EE000428E4 /* D.png */,
				E22C95201D36B9EE000428E4 /* C7.png */,
				E22C95211D36B9EE000428E4 /* C.png */,
				E22C95221D36B9EE000428E4 /* B7.png */,
				E22C95231D36B9EE000428E4 /* A7.png */,
				E22C95241D36B9EE000428E4 /* Am.png */,
				E22C95251D36B9EE000428E4 /* A.png */,
				E232F0E51D35912900F864CC /* A5.png */,
				E232F0E71D35913000F864CC /* F5.png */,
				E22C953D1D36CE40000428E4 /* Hm.png */,
				E232F0E91D35913600F864CC /* D5.png */,
			);
			name = chords;
			sourceTree = "<group>";
		};
		E24CBED31D33AE50008EC25B = {
			isa = PBXGroup;
			children = (
				E24CBEDE1D33AE50008EC25B /* GuitarHelper */,
				E24CBEF21D33AE50008EC25B /* GuitarHelper WatchKit App */,
				E24CBF011D33AE50008EC25B /* GuitarHelper WatchKit Extension */,
				E24CBEDD1D33AE50008EC25B /* Products */,
			);
			sourceTree = "<group>";
		};
		E24CBEDD1D33AE50008EC25B /* Products */ = {
			isa = PBXGroup;
			children = (
				E24CBEDC1D33AE50008EC25B /* GuitarHelper.app */,
				E24CBEEE1D33AE50008EC25B /* GuitarHelper WatchKit App.app */,
				E24CBEFD1D33AE50008EC25B /* GuitarHelper WatchKit Extension.appex */,
			);
			name = Products;
			sourceTree = "<group>";
		};
		E24CBEDE1D33AE50008EC25B /* GuitarHelper */ = {
			isa = PBXGroup;
			children = (
				E24CBEDF1D33AE50008EC25B /* AppDelegate.swift */,
				E24CBEE11D33AE50008EC25B /* ViewController.swift */,
				E24CBEE31D33AE50008EC25B /* Main.storyboard */,
				E24CBEE61D33AE50008EC25B /* Assets.xcassets */,
				E24CBEE81D33AE50008EC25B /* LaunchScreen.storyboard */,
				E24CBEEB1D33AE50008EC25B /* Info.plist */,
			);
			path = GuitarHelper;
			sourceTree = "<group>";
		};
		E24CBEF21D33AE50008EC25B /* GuitarHelper WatchKit App */ = {
			isa = PBXGroup;
			children = (
				E25725AC1D4C00000051C7EE /* guitar-icon_new_app.png */,
				E26140271D342729002DC059 /* Interface.storyboard */,
				E24CBEF61D33AE50008EC25B /* Assets.xcassets */,
				E24CBEF81D33AE50008EC25B /* Info.plist */,
				E261402A1D3427A3002DC059 /* guitar-icon.png */,
			);
			path = "GuitarHelper WatchKit App";
			sourceTree = "<group>";
		};
		E24CBF011D33AE50008EC25B /* GuitarHelper WatchKit Extension */ = {
			isa = PBXGroup;
			children = (
				E2631ED81D4C1F850066936C /* metro_left_without_black.png */,
				E2631ED91D4C1F850066936C /* metro_right_without_black.png */,
				E25725A81D4BFB690051C7EE /* guitar-icon_new_app.png */,
				E232F0E41D35910900F864CC /* chords */,
				E232F0E11D356BB300F864CC /* music */,
				E232F0E21D356BCF00F864CC /* pic */,
				E24CBF041D33AE51008EC25B /* ExtensionDelegate.swift */,
				E24CBF061D33AE51008EC25B /* Assets.xcassets */,
				E24CBF081D33AE51008EC25B /* Info.plist */,
				E232F0D21D35502B00F864CC /* secondRow */,
				E232F0D11D35501A00F864CC /* firstRow */,
				E232F0E31D357D4300F864CC /* thirdRow */,
				E232F0F71D362C6000F864CC /* SongPList.plist */,
			);
			path = "GuitarHelper WatchKit Extension";
			sourceTree = "<group>";
		};
/* End PBXGroup section */

/* Begin PBXNativeTarget section */
		E24CBEDB1D33AE50008EC25B /* GuitarHelper */ = {
			isa = PBXNativeTarget;
			buildConfigurationList = E24CBF131D33AE51008EC25B /* Build configuration list for PBXNativeTarget "GuitarHelper" */;
			buildPhases = (
				E24CBED81D33AE50008EC25B /* Sources */,
				E24CBED91D33AE50008EC25B /* Frameworks */,
				E24CBEDA1D33AE50008EC25B /* Resources */,
				E24CBF121D33AE51008EC25B /* Embed Watch Content */,
			);
			buildRules = (
			);
			dependencies = (
				E24CBEF11D33AE50008EC25B /* PBXTargetDependency */,
			);
			name = GuitarHelper;
			productName = GuitarHelper;
			productReference = E24CBEDC1D33AE50008EC25B /* GuitarHelper.app */;
			productType = "com.apple.product-type.application";
		};
		E24CBEED1D33AE50008EC25B /* GuitarHelper WatchKit App */ = {
			isa = PBXNativeTarget;
			buildConfigurationList = E24CBF0F1D33AE51008EC25B /* Build configuration list for PBXNativeTarget "GuitarHelper WatchKit App" */;
			buildPhases = (
				E24CBEEC1D33AE50008EC25B /* Resources */,
				E24CBF0E1D33AE51008EC25B /* Embed App Extensions */,
			);
			buildRules = (
			);
			dependencies = (
				E24CBF001D33AE50008EC25B /* PBXTargetDependency */,
			);
			name = "GuitarHelper WatchKit App";
			productName = "GuitarHelper WatchKit App";
			productReference = E24CBEEE1D33AE50008EC25B /* GuitarHelper WatchKit App.app */;
			productType = "com.apple.product-type.application.watchapp2";
		};
		E24CBEFC1D33AE50008EC25B /* GuitarHelper WatchKit Extension */ = {
			isa = PBXNativeTarget;
			buildConfigurationList = E24CBF0B1D33AE51008EC25B /* Build configuration list for PBXNativeTarget "GuitarHelper WatchKit Extension" */;
			buildPhases = (
				E24CBEF91D33AE50008EC25B /* Sources */,
				E24CBEFA1D33AE50008EC25B /* Frameworks */,
				E24CBEFB1D33AE50008EC25B /* Resources */,
			);
			buildRules = (
			);
			dependencies = (
			);
			name = "GuitarHelper WatchKit Extension";
			productName = "GuitarHelper WatchKit Extension";
			productReference = E24CBEFD1D33AE50008EC25B /* GuitarHelper WatchKit Extension.appex */;
			productType = "com.apple.product-type.watchkit2-extension";
		};
/* End PBXNativeTarget section */

/* Begin PBXProject section */
		E24CBED41D33AE50008EC25B /* Project object */ = {
			isa = PBXProject;
			attributes = {
				LastSwiftUpdateCheck = 0730;
				LastUpgradeCheck = 0730;
				ORGANIZATIONNAME = "Ivan Pryadchenko";
				TargetAttributes = {
					E24CBEDB1D33AE50008EC25B = {
						CreatedOnToolsVersion = 7.3.1;
						DevelopmentTeam = MGDFYF2DS8;
					};
					E24CBEED1D33AE50008EC25B = {
						CreatedOnToolsVersion = 7.3.1;
						DevelopmentTeam = MGDFYF2DS8;
					};
					E24CBEFC1D33AE50008EC25B = {
						CreatedOnToolsVersion = 7.3.1;
						DevelopmentTeam = MGDFYF2DS8;
					};
				};
			};
			buildConfigurationList = E24CBED71D33AE50008EC25B /* Build configuration list for PBXProject "GuitarHelper" */;
			compatibilityVersion = "Xcode 3.2";
			developmentRegion = English;
			hasScannedForEncodings = 0;
			knownRegions = (
				en,
				Base,
			);
			mainGroup = E24CBED31D33AE50008EC25B;
			productRefGroup = E24CBEDD1D33AE50008EC25B /* Products */;
			projectDirPath = "";
			projectRoot = "";
			targets = (
				E24CBEDB1D33AE50008EC25B /* GuitarHelper */,
				E24CBEED1D33AE50008EC25B /* GuitarHelper WatchKit App */,
				E24CBEFC1D33AE50008EC25B /* GuitarHelper WatchKit Extension */,
			);
		};
/* End PBXProject section */

/* Begin PBXResourcesBuildPhase section */
		E24CBEDA1D33AE50008EC25B /* Resources */ = {
			isa = PBXResourcesBuildPhase;
			buildActionMask = 2147483647;
			files = (
				E24CBEEA1D33AE50008EC25B /* LaunchScreen.storyboard in Resources */,
				E24CBEE71D33AE50008EC25B /* Assets.xcassets in Resources */,
				E24CBEE51D33AE50008EC25B /* Main.storyboard in Resources */,
			);
			runOnlyForDeploymentPostprocessing = 0;
		};
		E24CBEEC1D33AE50008EC25B /* Resources */ = {
			isa = PBXResourcesBuildPhase;
			buildActionMask = 2147483647;
			files = (
				E26140291D342729002DC059 /* Interface.storyboard in Resources */,
				E25725AD1D4C00000051C7EE /* guitar-icon_new_app.png in Resources */,
				E24CBEF71D33AE50008EC25B /* Assets.xcassets in Resources */,
				E261402B1D3427A3002DC059 /* guitar-icon.png in Resources */,
			);
			runOnlyForDeploymentPostprocessing = 0;
		};
		E24CBEFB1D33AE50008EC25B /* Resources */ = {
			isa = PBXResourcesBuildPhase;
			buildActionMask = 2147483647;
			files = (
				E22C952E1D36B9EE000428E4 /* D.png in Resources */,
				E22C95271D36B9EE000428E4 /* G.png in Resources */,
				E28416081D33F81F0021BC4E /* beep.m4a in Resources */,
				E22C95301D36B9EE000428E4 /* C.png in Resources */,
				E24CBF071D33AE51008EC25B /* Assets.xcassets in Resources */,
				E22C95341D36B9EE000428E4 /* A.png in Resources */,
				E22C953E1D36CE40000428E4 /* Hm.png in Resources */,
				E232F0F81D362C6000F864CC /* SongPList.plist in Resources */,
				E25725A71D4BF9B30051C7EE /* guitar-icon.png in Resources */,
				E22C952B1D36B9EE000428E4 /* Em.png in Resources */,
				E22C953A1D36BD03000428E4 /* C#.png in Resources */,
				E22C953C1D36CDC5000428E4 /* vihoda_net.mp3 in Resources */,
				E22C95291D36B9EE000428E4 /* F.png in Resources */,
				E232F0E81D35913000F864CC /* F5.png in Resources */,
				E22C952C1D36B9EE000428E4 /* E.png in Resources */,
				E2631EDA1D4C1F850066936C /* metro_left_without_black.png in Resources */,
				E2AB7C731D367CFB001D9F3A /* metal.png in Resources */,
				E22C95321D36B9EE000428E4 /* A7.png in Resources */,
				E22C95261D36B9EE000428E4 /* G7.png in Resources */,
				E232F0E01D356B8B00F864CC /* nirvana_about_a_girl.mp3 in Resources */,
				E22C95311D36B9EE000428E4 /* B7.png in Resources */,
				E22C95331D36B9EE000428E4 /* Am.png in Resources */,
				E2631EDB1D4C1F850066936C /* metro_right_without_black.png in Resources */,
				E22C95381D36BD03000428E4 /* F#.png in Resources */,
				E25725AB1D4BFD0E0051C7EE /* guitar-icon_tiff.tif in Resources */,
				E232F0E61D35912900F864CC /* A5.png in Resources */,
				E22C952F1D36B9EE000428E4 /* C7.png in Resources */,
				E25725A91D4BFB690051C7EE /* guitar-icon_new_app.png in Resources */,
				E22C95281D36B9EE000428E4 /* Fm.png in Resources */,
				E232F0DE1D356B8400F864CC /* kino_aljuminievie_ogurci.mp3 in Resources */,
				E22C95391D36BD03000428E4 /* G#.png in Resources */,
				E22C952D1D36B9EE000428E4 /* D7.png in Resources */,
				E22C952A1D36B9EE000428E4 /* E7.png in Resources */,
				E232F0D81D355A8100F864CC /* nirvana_teen_spirit.mp3 in Resources */,
				E232F0EA1D35913600F864CC /* D5.png in Resources */,
			);
			runOnlyForDeploymentPostprocessing = 0;
		};
/* End PBXResourcesBuildPhase section */

/* Begin PBXSourcesBuildPhase section */
		E24CBED81D33AE50008EC25B /* Sources */ = {
			isa = PBXSourcesBuildPhase;
			buildActionMask = 2147483647;
			files = (
				E24CBEE21D33AE50008EC25B /* ViewController.swift in Sources */,
				E24CBEE01D33AE50008EC25B /* AppDelegate.swift in Sources */,
			);
			runOnlyForDeploymentPostprocessing = 0;
		};
		E24CBEF91D33AE50008EC25B /* Sources */ = {
			isa = PBXSourcesBuildPhase;
			buildActionMask = 2147483647;
			files = (
				E2292F701D33D7A600D06648 /* MainScreen.swift in Sources */,
				E22C95141D369BB8000428E4 /* LibraryTableList.swift in Sources */,
				E22C95161D36B47C000428E4 /* ChordImageInterfaceController.swift in Sources */,
				E232F0D51D3557F900F864CC /* PlayerController.swift in Sources */,
				E2292F721D33D9C500D06648 /* InterfaceController.swift in Sources */,
				E232F0F01D35930700F864CC /* StopWatchPicControl.swift in Sources */,
				E24CBF171D33BF1F008EC25B /* MainScreenSongList.swift in Sources */,
				E24CBF051D33AE51008EC25B /* ExtensionDelegate.swift in Sources */,
				E284160A1D3420EA0021BC4E /* MainMenuViewController.swift in Sources */,
				E2292F741D33DC5D00D06648 /* MetronomController.swift in Sources */,
				045219E71D33BAD100CDFBC9 /* CordsRowControl.swift in Sources */,
				E232F0DC1D35630700F864CC /* StopWatchControl.swift in Sources */,
				E22C95121D369B39000428E4 /* LibraryInterfaceController.swift in Sources */,
				E232F0D61D3557F900F864CC /* SecControlMethronome.swift in Sources */,
			);
			runOnlyForDeploymentPostprocessing = 0;
		};
/* End PBXSourcesBuildPhase section */

/* Begin PBXTargetDependency section */
		E24CBEF11D33AE50008EC25B /* PBXTargetDependency */ = {
			isa = PBXTargetDependency;
			target = E24CBEED1D33AE50008EC25B /* GuitarHelper WatchKit App */;
			targetProxy = E24CBEF01D33AE50008EC25B /* PBXContainerItemProxy */;
		};
		E24CBF001D33AE50008EC25B /* PBXTargetDependency */ = {
			isa = PBXTargetDependency;
			target = E24CBEFC1D33AE50008EC25B /* GuitarHelper WatchKit Extension */;
			targetProxy = E24CBEFF1D33AE50008EC25B /* PBXContainerItemProxy */;
		};
/* End PBXTargetDependency section */

/* Begin PBXVariantGroup section */
		E24CBEE31D33AE50008EC25B /* Main.storyboard */ = {
			isa = PBXVariantGroup;
			children = (
				E24CBEE41D33AE50008EC25B /* Base */,
			);
			name = Main.storyboard;
			sourceTree = "<group>";
		};
		E24CBEE81D33AE50008EC25B /* LaunchScreen.storyboard */ = {
			isa = PBXVariantGroup;
			children = (
				E24CBEE91D33AE50008EC25B /* Base */,
			);
			name = LaunchScreen.storyboard;
			sourceTree = "<group>";
		};
		E26140271D342729002DC059 /* Interface.storyboard */ = {
			isa = PBXVariantGroup;
			children = (
				E26140281D342729002DC059 /* Base */,
			);
			name = Interface.storyboard;
			sourceTree = "<group>";
		};
/* End PBXVariantGroup section */

/* Begin XCBuildConfiguration section */
		E24CBF091D33AE51008EC25B /* Debug */ = {
			isa = XCBuildConfiguration;
			buildSettings = {
				ALWAYS_SEARCH_USER_PATHS = NO;
				CLANG_ANALYZER_NONNULL = YES;
				CLANG_CXX_LANGUAGE_STANDARD = "gnu++0x";
				CLANG_CXX_LIBRARY = "libc++";
				CLANG_ENABLE_MODULES = YES;
				CLANG_ENABLE_OBJC_ARC = YES;
				CLANG_WARN_BOOL_CONVERSION = YES;
				CLANG_WARN_CONSTANT_CONVERSION = YES;
				CLANG_WARN_DIRECT_OBJC_ISA_USAGE = YES_ERROR;
				CLANG_WARN_EMPTY_BODY = YES;
				CLANG_WARN_ENUM_CONVERSION = YES;
				CLANG_WARN_INT_CONVERSION = YES;
				CLANG_WARN_OBJC_ROOT_CLASS = YES_ERROR;
				CLANG_WARN_UNREACHABLE_CODE = YES;
				CLANG_WARN__DUPLICATE_METHOD_MATCH = YES;
				"CODE_SIGN_IDENTITY[sdk=iphoneos*]" = "iPhone Developer";
				COPY_PHASE_STRIP = NO;
				DEBUG_INFORMATION_FORMAT = dwarf;
				ENABLE_STRICT_OBJC_MSGSEND = YES;
				ENABLE_TESTABILITY = YES;
				GCC_C_LANGUAGE_STANDARD = gnu99;
				GCC_DYNAMIC_NO_PIC = NO;
				GCC_NO_COMMON_BLOCKS = YES;
				GCC_OPTIMIZATION_LEVEL = 0;
				GCC_PREPROCESSOR_DEFINITIONS = (
					"DEBUG=1",
					"$(inherited)",
				);
				GCC_WARN_64_TO_32_BIT_CONVERSION = YES;
				GCC_WARN_ABOUT_RETURN_TYPE = YES_ERROR;
				GCC_WARN_UNDECLARED_SELECTOR = YES;
				GCC_WARN_UNINITIALIZED_AUTOS = YES_AGGRESSIVE;
				GCC_WARN_UNUSED_FUNCTION = YES;
				GCC_WARN_UNUSED_VARIABLE = YES;
				IPHONEOS_DEPLOYMENT_TARGET = 9.0;
				MTL_ENABLE_DEBUG_INFO = YES;
				ONLY_ACTIVE_ARCH = YES;
				SDKROOT = iphoneos;
				SWIFT_OPTIMIZATION_LEVEL = "-Onone";
				TARGETED_DEVICE_FAMILY = "1,2";
			};
			name = Debug;
		};
		E24CBF0A1D33AE51008EC25B /* Release */ = {
			isa = XCBuildConfiguration;
			buildSettings = {
				ALWAYS_SEARCH_USER_PATHS = NO;
				CLANG_ANALYZER_NONNULL = YES;
				CLANG_CXX_LANGUAGE_STANDARD = "gnu++0x";
				CLANG_CXX_LIBRARY = "libc++";
				CLANG_ENABLE_MODULES = YES;
				CLANG_ENABLE_OBJC_ARC = YES;
				CLANG_WARN_BOOL_CONVERSION = YES;
				CLANG_WARN_CONSTANT_CONVERSION = YES;
				CLANG_WARN_DIRECT_OBJC_ISA_USAGE = YES_ERROR;
				CLANG_WARN_EMPTY_BODY = YES;
				CLANG_WARN_ENUM_CONVERSION = YES;
				CLANG_WARN_INT_CONVERSION = YES;
				CLANG_WARN_OBJC_ROOT_CLASS = YES_ERROR;
				CLANG_WARN_UNREACHABLE_CODE = YES;
				CLANG_WARN__DUPLICATE_METHOD_MATCH = YES;
				"CODE_SIGN_IDENTITY[sdk=iphoneos*]" = "iPhone Developer";
				COPY_PHASE_STRIP = NO;
				DEBUG_INFORMATION_FORMAT = "dwarf-with-dsym";
				ENABLE_NS_ASSERTIONS = NO;
				ENABLE_STRICT_OBJC_MSGSEND = YES;
				GCC_C_LANGUAGE_STANDARD = gnu99;
				GCC_NO_COMMON_BLOCKS = YES;
				GCC_WARN_64_TO_32_BIT_CONVERSION = YES;
				GCC_WARN_ABOUT_RETURN_TYPE = YES_ERROR;
				GCC_WARN_UNDECLARED_SELECTOR = YES;
				GCC_WARN_UNINITIALIZED_AUTOS = YES_AGGRESSIVE;
				GCC_WARN_UNUSED_FUNCTION = YES;
				GCC_WARN_UNUSED_VARIABLE = YES;
				IPHONEOS_DEPLOYMENT_TARGET = 9.0;
				MTL_ENABLE_DEBUG_INFO = NO;
				SDKROOT = iphoneos;
				TARGETED_DEVICE_FAMILY = "1,2";
				VALIDATE_PRODUCT = YES;
			};
			name = Release;
		};
		E24CBF0C1D33AE51008EC25B /* Debug */ = {
			isa = XCBuildConfiguration;
			buildSettings = {
				CODE_SIGN_IDENTITY = "iPhone Developer";
				"CODE_SIGN_IDENTITY[sdk=watchos*]" = "iPhone Developer";
				INFOPLIST_FILE = "GuitarHelper WatchKit Extension/Info.plist";
				LD_RUNPATH_SEARCH_PATHS = "$(inherited) @executable_path/Frameworks @executable_path/../../Frameworks";
				PRODUCT_BUNDLE_IDENTIFIER = com.hse.guitarHelper.watchkitapp.watchkitextension;
				PRODUCT_NAME = "${TARGET_NAME}";
				PROVISIONING_PROFILE = "";
				SDKROOT = watchos;
				SKIP_INSTALL = YES;
				TARGETED_DEVICE_FAMILY = 4;
				WATCHOS_DEPLOYMENT_TARGET = 2.2;
			};
			name = Debug;
		};
		E24CBF0D1D33AE51008EC25B /* Release */ = {
			isa = XCBuildConfiguration;
			buildSettings = {
				CODE_SIGN_IDENTITY = "iPhone Developer";
				"CODE_SIGN_IDENTITY[sdk=watchos*]" = "iPhone Developer";
				INFOPLIST_FILE = "GuitarHelper WatchKit Extension/Info.plist";
				LD_RUNPATH_SEARCH_PATHS = "$(inherited) @executable_path/Frameworks @executable_path/../../Frameworks";
				PRODUCT_BUNDLE_IDENTIFIER = com.hse.guitarHelper.watchkitapp.watchkitextension;
				PRODUCT_NAME = "${TARGET_NAME}";
				PROVISIONING_PROFILE = "";
				SDKROOT = watchos;
				SKIP_INSTALL = YES;
				TARGETED_DEVICE_FAMILY = 4;
				WATCHOS_DEPLOYMENT_TARGET = 2.2;
			};
			name = Release;
		};
		E24CBF101D33AE51008EC25B /* Debug */ = {
			isa = XCBuildConfiguration;
			buildSettings = {
				ASSETCATALOG_COMPILER_APPICON_NAME = AppIcon;
				CODE_SIGN_IDENTITY = "iPhone Developer";
				"CODE_SIGN_IDENTITY[sdk=watchos*]" = "iPhone Developer";
				EMBEDDED_CONTENT_CONTAINS_SWIFT = YES;
				IBSC_MODULE = GuitarHelper_WatchKit_Extension;
				INFOPLIST_FILE = "GuitarHelper WatchKit App/Info.plist";
				PRODUCT_BUNDLE_IDENTIFIER = com.hse.guitarHelper.watchkitapp;
				PRODUCT_NAME = "$(TARGET_NAME)";
				PROVISIONING_PROFILE = "";
				SDKROOT = watchos;
				SKIP_INSTALL = YES;
				TARGETED_DEVICE_FAMILY = 4;
				WATCHOS_DEPLOYMENT_TARGET = 2.2;
			};
			name = Debug;
		};
		E24CBF111D33AE51008EC25B /* Release */ = {
			isa = XCBuildConfiguration;
			buildSettings = {
				ASSETCATALOG_COMPILER_APPICON_NAME = AppIcon;
				CODE_SIGN_IDENTITY = "iPhone Developer";
				"CODE_SIGN_IDENTITY[sdk=watchos*]" = "iPhone Developer";
				EMBEDDED_CONTENT_CONTAINS_SWIFT = YES;
				IBSC_MODULE = GuitarHelper_WatchKit_Extension;
				INFOPLIST_FILE = "GuitarHelper WatchKit App/Info.plist";
				PRODUCT_BUNDLE_IDENTIFIER = com.hse.guitarHelper.watchkitapp;
				PRODUCT_NAME = "$(TARGET_NAME)";
				PROVISIONING_PROFILE = "";
				SDKROOT = watchos;
				SKIP_INSTALL = YES;
				TARGETED_DEVICE_FAMILY = 4;
				WATCHOS_DEPLOYMENT_TARGET = 2.2;
			};
			name = Release;
		};
		E24CBF141D33AE51008EC25B /* Debug */ = {
			isa = XCBuildConfiguration;
			buildSettings = {
				ASSETCATALOG_COMPILER_APPICON_NAME = AppIcon;
				CODE_SIGN_IDENTITY = "iPhone Developer";
				"CODE_SIGN_IDENTITY[sdk=iphoneos*]" = "iPhone Developer";
				INFOPLIST_FILE = GuitarHelper/Info.plist;
				IPHONEOS_DEPLOYMENT_TARGET = 9.0;
				LD_RUNPATH_SEARCH_PATHS = "$(inherited) @executable_path/Frameworks";
				PRODUCT_BUNDLE_IDENTIFIER = com.hse.guitarHelper;
				PRODUCT_NAME = "$(TARGET_NAME)";
				PROVISIONING_PROFILE = "";
			};
			name = Debug;
		};
		E24CBF151D33AE51008EC25B /* Release */ = {
			isa = XCBuildConfiguration;
			buildSettings = {
				ASSETCATALOG_COMPILER_APPICON_NAME = AppIcon;
				CODE_SIGN_IDENTITY = "iPhone Developer";
				"CODE_SIGN_IDENTITY[sdk=iphoneos*]" = "iPhone Developer";
				INFOPLIST_FILE = GuitarHelper/Info.plist;
				IPHONEOS_DEPLOYMENT_TARGET = 9.0;
				LD_RUNPATH_SEARCH_PATHS = "$(inherited) @executable_path/Frameworks";
				PRODUCT_BUNDLE_IDENTIFIER = com.hse.guitarHelper;
				PRODUCT_NAME = "$(TARGET_NAME)";
				PROVISIONING_PROFILE = "";
			};
			name = Release;
		};
/* End XCBuildConfiguration section */

/* Begin XCConfigurationList section */
		E24CBED71D33AE50008EC25B /* Build configuration list for PBXProject "GuitarHelper" */ = {
			isa = XCConfigurationList;
			buildConfigurations = (
				E24CBF091D33AE51008EC25B /* Debug */,
				E24CBF0A1D33AE51008EC25B /* Release */,
			);
			defaultConfigurationIsVisible = 0;
			defaultConfigurationName = Release;
		};
		E24CBF0B1D33AE51008EC25B /* Build configuration list for PBXNativeTarget "GuitarHelper WatchKit Extension" */ = {
			isa = XCConfigurationList;
			buildConfigurations = (
				E24CBF0C1D33AE51008EC25B /* Debug */,
				E24CBF0D1D33AE51008EC25B /* Release */,
			);
			defaultConfigurationIsVisible = 0;
			defaultConfigurationName = Release;
		};
		E24CBF0F1D33AE51008EC25B /* Build configuration list for PBXNativeTarget "GuitarHelper WatchKit App" */ = {
			isa = XCConfigurationList;
			buildConfigurations = (
				E24CBF101D33AE51008EC25B /* Debug */,
				E24CBF111D33AE51008EC25B /* Release */,
			);
			defaultConfigurationIsVisible = 0;
			defaultConfigurationName = Release;
		};
		E24CBF131D33AE51008EC25B /* Build configuration list for PBXNativeTarget "GuitarHelper" */ = {
			isa = XCConfigurationList;
			buildConfigurations = (
				E24CBF141D33AE51008EC25B /* Debug */,
				E24CBF151D33AE51008EC25B /* Release */,
			);
			defaultConfigurationIsVisible = 0;
			defaultConfigurationName = Release;
		};
/* End XCConfigurationList section */
	};
	rootObject = E24CBED41D33AE50008EC25B /* Project object */;
}
